
Microsoft Visual Studio Solution File, Format Version 12.00
# Visual Studio 14
VisualStudioVersion = 14.0.25123.0
MinimumVisualStudioVersion = 10.0.40219.1
Project("{3C40405D-2250-4742-8304-3B1AD286AFA1}") = "Sitecore.Support.297466", "Sitecore.Support.297466\Sitecore.Support.297466.csproj", "{53DBE68A-BEC4-40D3-AB57-3D7D8C8C0BB5}"
EndProject
Global
	GlobalSection(SolutionConfigurationPlatforms) = preSolution
		Debug|Any CPU = Debug|Any CPU
		Release|Any CPU = Release|Any CPU
	EndGlobalSection
	GlobalSection(ProjectConfigurationPlatforms) = postSolution
		{53DBE68A-BEC4-40D3-AB57-3D7D8C8C0BB5}.Debug|Any CPU.ActiveCfg = Debug|Any CPU
		{53DBE68A-BEC4-40D3-AB57-3D7D8C8C0BB5}.Debug|Any CPU.Build.0 = Debug|Any CPU
		{53DBE68A-BEC4-40D3-AB57-3D7D8C8C0BB5}.Release|Any CPU.ActiveCfg = Release|Any CPU
		{53DBE68A-BEC4-40D3-AB57-3D7D8C8C0BB5}.Release|Any CPU.Build.0 = Release|Any CPU
	EndGlobalSection
	GlobalSection(SolutionProperties) = preSolution
		HideSolutionNode = FALSE
	EndGlobalSection
EndGlobal
